// !$*UTF8*$!
{
	archiveVersion = 1;
	classes = {
	};
	objectVersion = 46;
	objects = {

/* Begin PBXBuildFile section */
		0EDF8C4D1CB6000C00DAC251 /* main.c in Sources */ = {isa = PBXBuildFile; fileRef = 0EDF8C4C1CB6000C00DAC251 /* main.c */; };
/* End PBXBuildFile section */

/* Begin PBXCopyFilesBuildPhase section */
		0EDF8C471CB6000C00DAC251 /* CopyFiles */ = {
			isa = PBXCopyFilesBuildPhase;
			buildActionMask = 2147483647;
			dstPath = /usr/share/man/man1/;
			dstSubfolderSpec = 0;
			files = (
			);
			runOnlyForDeploymentPostprocessing = 1;
		};
/* End PBXCopyFilesBuildPhase section */

/* Begin PBXFileReference section */
		0EDF8C491CB6000C00DAC251 /* iOS-单链表操作 */ = {isa = PBXFileReference; explicitFileType = "compiled.mach-o.executable"; includeInIndex = 0; path = "iOS-单链表操作"; sourceTree = BUILT_PRODUCTS_DIR; };
		0EDF8C4C1CB6000C00DAC251 /* main.c */ = {isa = PBXFileReference; lastKnownFileType = sourcecode.c.c; path = main.c; sourceTree = "<group>"; };
/* End PBXFileReference section */

/* Begin PBXFrameworksBuildPhase section */
		0EDF8C461CB6000C00DAC251 /* Frameworks */ = {
			isa = PBXFrameworksBuildPhase;
			buildActionMask = 2147483647;
			files = (
			);
			runOnlyForDeploymentPostprocessing = 0;
		};
/* End PBXFrameworksBuildPhase section */

/* Begin PBXGroup section */
		0EDF8C401CB6000C00DAC251 = {
			isa = PBXGroup;
			children = (
				0EDF8C4B1CB6000C00DAC251 /* iOS-单链表操作 */,
				0EDF8C4A1CB6000C00DAC251 /* Products */,
			);
			sourceTree = "<group>";
		};
		0EDF8C4A1CB6000C00DAC251 /* Products */ = {
			isa = PBXGroup;
			children = (
				0EDF8C491CB6000C00DAC251 /* iOS-单链表操作 */,
			);
			name = Products;
			sourceTree = "<group>";
		};
		0EDF8C4B1CB6000C00DAC251 /* iOS-单链表操作 */ = {
			isa = PBXGroup;
			children = (
				0EDF8C4C1CB6000C00DAC251 /* main.c */,
			);
			path = "iOS-单链表操作";
			sourceTree = "<group>";
		};
/* End PBXGroup section */

/* Begin PBXNativeTarget section */
		0EDF8C481CB6000C00DAC251 /* iOS-单链表操作 */ = {
			isa = PBXNativeTarget;
			buildConfigurationList = 0EDF8C501CB6000C00DAC251 /* Build configuration list for PBXNativeTarget "iOS-单链表操作" */;
			buildPhases = (
				0EDF8C451CB6000C00DAC251 /* Sources */,
				0EDF8C461CB6000C00DAC251 /* Frameworks */,
				0EDF8C471CB6000C00DAC251 /* CopyFiles */,
			);
			buildRules = (
			);
			dependencies = (
			);
			name = "iOS-单链表操作";
			productName = "iOS-单链表操作";
			productReference = 0EDF8C491CB6000C00DAC251 /* iOS-单链表操作 */;
			productType = "com.apple.product-type.tool";
		};
/* End PBXNativeTarget section */

/* Begin PBXProject section */
		0EDF8C411CB6000C00DAC251 /* Project object */ = {
			isa = PBXProject;
			attributes = {
				LastUpgradeCheck = 0720;
				ORGANIZATIONNAME = "康蕤 刘";
				TargetAttributes = {
					0EDF8C481CB6000C00DAC251 = {
						CreatedOnToolsVersion = 7.2;
					};
				};
			};
			buildConfigurationList = 0EDF8C441CB6000C00DAC251 /* Build configuration list for PBXProject "iOS-单链表操作" */;
			compatibilityVersion = "Xcode 3.2";
			developmentRegion = English;
			hasScannedForEncodings = 0;
			knownRegions = (
				en,
			);
			mainGroup = 0EDF8C401CB6000C00DAC251;
			productRefGroup = 0EDF8C4A1CB6000C00DAC251 /* Products */;
			projectDirPath = "";
			projectRoot = "";
			targets = (
				0EDF8C481CB6000C00DAC251 /* iOS-单链表操作 */,
			);
		};
/* End PBXProject section */

/* Begin PBXSourcesBuildPhase section */
		0EDF8C451CB6000C00DAC251 /* Sources */ = {
			isa = PBXSourcesBuildPhase;
			buildActionMask = 2147483647;
			files = (
				0EDF8C4D1CB6000C00DAC251 /* main.c in Sources */,
			);
			runOnlyForDeploymentPostprocessing = 0;
		};
/* End PBXSourcesBuildPhase section */

/* Begin XCBuildConfiguration section */
		0EDF8C4E1CB6000C00DAC251 /* Debug */ = {
			isa = XCBuildConfiguration;
			buildSettings = {
				ALWAYS_SEARCH_USER_PATHS = NO;
				CLANG_CXX_LANGUAGE_STANDARD = "gnu++0x";
				CLANG_CXX_LIBRARY = "libc++";
				CLANG_ENABLE_MODULES = YES;
				CLANG_ENABLE_OBJC_ARC = YES;
				CLANG_WARN_BOOL_CONVERSION = YES;
				CLANG_WARN_CONSTANT_CONVERSION = YES;
				CLANG_WARN_DIRECT_OBJC_ISA_USAGE = YES_ERROR;
				CLANG_WARN_EMPTY_BODY = YES;
				CLANG_WARN_ENUM_CONVERSION = YES;
				CLANG_WARN_INT_CONVERSION = YES;
				CLANG_WARN_OBJC_ROOT_CLASS = YES_ERROR;
				CLANG_WARN_UNREACHABLE_CODE = YES;
				CLANG_WARN__DUPLICATE_METHOD_MATCH = YES;
				CODE_SIGN_IDENTITY = "-";
				COPY_PHASE_STRIP = NO;
				DEBUG_INFORMATION_FORMAT = dwarf;
				ENABLE_STRICT_OBJC_MSGSEND = YES;
				ENABLE_TESTABILITY = YES;
				GCC_C_LANGUAGE_STANDARD = gnu99;
				GCC_DYNAMIC_NO_PIC = NO;
				GCC_NO_COMMON_BLOCKS = YES;
				GCC_OPTIMIZATION_LEVEL = 0;
				GCC_PREPROCESSOR_DEFINITIONS = (
					"DEBUG=1",
					"$(inherited)",
				);
				GCC_WARN_64_TO_32_BIT_CONVERSION = YES;
				GCC_WARN_ABOUT_RETURN_TYPE = YES_ERROR;
				GCC_WARN_UNDECLARED_SELECTOR = YES;
				GCC_WARN_UNINITIALIZED_AUTOS = YES_AGGRESSIVE;
				GCC_WARN_UNUSED_FUNCTION = YES;
				GCC_WARN_UNUSED_VARIABLE = YES;
				MACOSX_DEPLOYMENT_TARGET = 10.11;
				MTL_ENABLE_DEBUG_INFO = YES;
				ONLY_ACTIVE_ARCH = YES;
				SDKROOT = macosx;
			};
			name = Debug;
		};
		0EDF8C4F1CB6000C00DAC251 /* Release */ = {
			isa = XCBuildConfiguration;
			buildSettings = {
				ALWAYS_SEARCH_USER_PATHS = NO;
				CLANG_CXX_LANGUAGE_STANDARD = "gnu++0x";
				CLANG_CXX_LIBRARY = "libc++";
				CLANG_ENABLE_MODULES = YES;
				CLANG_ENABLE_OBJC_ARC = YES;
				CLANG_WARN_BOOL_CONVERSION = YES;
				CLANG_WARN_CONSTANT_CONVERSION = YES;
				CLANG_WARN_DIRECT_OBJC_ISA_USAGE = YES_ERROR;
				CLANG_WARN_EMPTY_BODY = YES;
				CLANG_WARN_ENUM_CONVERSION = YES;
				CLANG_WARN_INT_CONVERSION = YES;
				CLANG_WARN_OBJC_ROOT_CLASS = YES_ERROR;
				CLANG_WARN_UNREACHABLE_CODE = YES;
				CLANG_WARN__DUPLICATE_METHOD_MATCH = YES;
				CODE_SIGN_IDENTITY = "-";
				COPY_PHASE_STRIP = NO;
				DEBUG_INFORMATION_FORMAT = "dwarf-with-dsym";
				ENABLE_NS_ASSERTIONS = NO;
				ENABLE_STRICT_OBJC_MSGSEND = YES;
				GCC_C_LANGUAGE_STANDARD = gnu99;
				GCC_NO_COMMON_BLOCKS = YES;
				GCC_WARN_64_TO_32_BIT_CONVERSION = YES;
				GCC_WARN_ABOUT_RETURN_TYPE = YES_ERROR;
				GCC_WARN_UNDECLARED_SELECTOR = YES;
				GCC_WARN_UNINITIALIZED_AUTOS = YES_AGGRESSIVE;
				GCC_WARN_UNUSED_FUNCTION = YES;
				GCC_WARN_UNUSED_VARIABLE = YES;
				MACOSX_DEPLOYMENT_TARGET = 10.11;
				MTL_ENABLE_DEBUG_INFO = NO;
				SDKROOT = macosx;
			};
			name = Release;
		};
		0EDF8C511CB6000C00DAC251 /* Debug */ = {
			isa = XCBuildConfiguration;
			buildSettings = {
				ARCHS = (
					"$(ARCHS_STANDARD_32_BIT)",
					armv7s,
					armv7,
				);
				ONLY_ACTIVE_ARCH = NO;
				PRODUCT_NAME = "$(TARGET_NAME)";
				VALID_ARCHS = "i386 x86_64 arm64";
			};
			name = Debug;
		};
		0EDF8C521CB6000C00DAC251 /* Release */ = {
			isa = XCBuildConfiguration;
			buildSettings = {
				ARCHS = (
					"$(ARCHS_STANDARD_32_BIT)",
					armv7s,
					armv7,
				);
				PRODUCT_NAME = "$(TARGET_NAME)";
				VALID_ARCHS = "i386 x86_64 arm64";
			};
			name = Release;
		};
/* End XCBuildConfiguration section */

/* Begin XCConfigurationList section */
		0EDF8C441CB6000C00DAC251 /* Build configuration list for PBXProject "iOS-单链表操作" */ = {
			isa = XCConfigurationList;
			buildConfigurations = (
				0EDF8C4E1CB6000C00DAC251 /* Debug */,
				0EDF8C4F1CB6000C00DAC251 /* Release */,
			);
			defaultConfigurationIsVisible = 0;
			defaultConfigurationName = Release;
		};
		0EDF8C501CB6000C00DAC251 /* Build configuration list for PBXNativeTarget "iOS-单链表操作" */ = {
			isa = XCConfigurationList;
			buildConfigurations = (
				0EDF8C511CB6000C00DAC251 /* Debug */,
				0EDF8C521CB6000C00DAC251 /* Release */,
			);
			defaultConfigurationIsVisible = 0;
		};
/* End XCConfigurationList section */
	};
	rootObject = 0EDF8C411CB6000C00DAC251 /* Project object */;
}
